
Microsoft Visual Studio Solution File, Format Version 12.00
# Visual Studio Version 17
VisualStudioVersion = 17.14.36119.2
MinimumVisualStudioVersion = 10.0.40219.1
Project("{8BC9CEB8-8B4A-11D0-8D11-00A0C91BC942}") = "Zero", "Zero.vcxproj", "{CF0F0D8B-5B05-447D-A673-20A058B83E03}"
EndProject
Project("{8BC9CEB8-8B4A-11D0-8D11-00A0C91BC942}") = "SDL3", "..\..\..\SDL-release-3.2.14\VisualC\SDL\SDL.vcxproj", "{81CE8DAF-EBB2-4761-8E45-B71ABCCA8C68}"
EndProject
Global
	GlobalSection(SolutionConfigurationPlatforms) = preSolution
		Debug|x64 = Debug|x64
		Debug|x86 = Debug|x86
		Release|x64 = Release|x64
		Release|x86 = Release|x86
	EndGlobalSection
	GlobalSection(ProjectConfigurationPlatforms) = postSolution
		{CF0F0D8B-5B05-447D-A673-20A058B83E03}.Debug|x64.ActiveCfg = Debug|x64
		{CF0F0D8B-5B05-447D-A673-20A058B83E03}.Debug|x64.Build.0 = Debug|x64
		{CF0F0D8B-5B05-447D-A673-20A058B83E03}.Debug|x86.ActiveCfg = Debug|Win32
		{CF0F0D8B-5B05-447D-A673-20A058B83E03}.Debug|x86.Build.0 = Debug|Win32
		{CF0F0D8B-5B05-447D-A673-20A058B83E03}.Release|x64.ActiveCfg = Release|x64
		{CF0F0D8B-5B05-447D-A673-20A058B83E03}.Release|x64.Build.0 = Release|x64
		{CF0F0D8B-5B05-447D-A673-20A058B83E03}.Release|x86.ActiveCfg = Release|Win32
		{CF0F0D8B-5B05-447D-A673-20A058B83E03}.Release|x86.Build.0 = Release|Win32
		{81CE8DAF-EBB2-4761-8E45-B71ABCCA8C68}.Debug|x64.ActiveCfg = Debug|x64
		{81CE8DAF-EBB2-4761-8E45-B71ABCCA8C68}.Debug|x64.Build.0 = Debug|x64
		{81CE8DAF-EBB2-4761-8E45-B71ABCCA8C68}.Debug|x86.ActiveCfg = Debug|Win32
		{81CE8DAF-EBB2-4761-8E45-B71ABCCA8C68}.Debug|x86.Build.0 = Debug|Win32
		{81CE8DAF-EBB2-4761-8E45-B71ABCCA8C68}.Release|x64.ActiveCfg = Release|x64
		{81CE8DAF-EBB2-4761-8E45-B71ABCCA8C68}.Release|x64.Build.0 = Release|x64
		{81CE8DAF-EBB2-4761-8E45-B71ABCCA8C68}.Release|x86.ActiveCfg = Release|Win32
		{81CE8DAF-EBB2-4761-8E45-B71ABCCA8C68}.Release|x86.Build.0 = Release|Win32
	EndGlobalSection
	GlobalSection(SolutionProperties) = preSolution
		HideSolutionNode = FALSE
	EndGlobalSection
	GlobalSection(ExtensibilityGlobals) = postSolution
		SolutionGuid = {44BB5A93-D97B-43A4-8D29-B86AC3D6EE85}
	EndGlobalSection
EndGlobal
