<?xml version="1.0" encoding="utf-8"?>
<Project ToolsVersion="4.0" xmlns="http://schemas.microsoft.com/developer/msbuild/2003">
  <ItemGroup>
    <Filter Include="Source Files">
      <UniqueIdentifier>{4FC737F1-C7A5-4376-A066-2A32D752A2FF}</UniqueIdentifier>
      <Extensions>cpp;c;cc;cxx;c++;cppm;ixx;def;odl;idl;hpj;bat;asm;asmx</Extensions>
    </Filter>
    <Filter Include="Header Files">
      <UniqueIdentifier>{93995380-89BD-4b04-88EB-625FBE52EBFB}</UniqueIdentifier>
      <Extensions>h;hh;hpp;hxx;h++;hm;inl;inc;ipp;xsd</Extensions>
    </Filter>
    <Filter Include="Resource Files">
      <UniqueIdentifier>{67DA6AB6-F800-4c08-8B7A-83BB121AAD01}</UniqueIdentifier>
      <Extensions>rc;ico;cur;bmp;dlg;rc2;rct;bin;rgs;gif;jpg;jpeg;jpe;resx;tiff;tif;png;wav;mfcribbon-ms</Extensions>
    </Filter>
    <Filter Include="Source Files\Imgui">
      <UniqueIdentifier>{30d2e2ac-fb80-4ff2-b4bb-1c5f109a4325}</UniqueIdentifier>
    </Filter>
    <Filter Include="Source Files\Ultilities">
      <UniqueIdentifier>{e30e9b02-e92f-4765-b8d7-a326943d932b}</UniqueIdentifier>
    </Filter>
    <Filter Include="Header Files\Ultilities">
      <UniqueIdentifier>{6605ca0a-2145-411f-80d6-41c55688aa3e}</UniqueIdentifier>
    </Filter>
    <Filter Include="Source Files\Core">
      <UniqueIdentifier>{099e1178-669c-44b2-8812-d1dfee71849c}</UniqueIdentifier>
    </Filter>
    <Filter Include="Header Files\Core">
      <UniqueIdentifier>{0a8da9e3-a562-4b9c-83bd-99748c56ab13}</UniqueIdentifier>
    </Filter>
    <Filter Include="Header Files\Config">
      <UniqueIdentifier>{7d553353-480d-4146-841a-a8664ee7a879}</UniqueIdentifier>
    </Filter>
    <Filter Include="Source Files\System">
      <UniqueIdentifier>{70f54891-3a85-48b3-988e-32bb6bf39b72}</UniqueIdentifier>
    </Filter>
    <Filter Include="Header Files\Resources">
      <UniqueIdentifier>{a411fa2f-6745-4c78-aba6-32285afff328}</UniqueIdentifier>
    </Filter>
    <Filter Include="Source Files\Resources">
      <UniqueIdentifier>{90809ca2-151f-4f09-950f-72bc405083b0}</UniqueIdentifier>
    </Filter>
    <Filter Include="Header Files\System">
      <UniqueIdentifier>{2de80579-e5c0-4cd6-b8b6-7699423ceebd}</UniqueIdentifier>
    </Filter>
  </ItemGroup>
  <ItemGroup>
    <ClCompile Include="src\main.cpp">
      <Filter>Source Files</Filter>
    </ClCompile>
    <ClCompile Include="vendor\imgui\imgui.cpp">
      <Filter>Source Files\Imgui</Filter>
    </ClCompile>
    <ClCompile Include="vendor\imgui\imgui_demo.cpp">
      <Filter>Source Files\Imgui</Filter>
    </ClCompile>
    <ClCompile Include="vendor\imgui\imgui_draw.cpp">
      <Filter>Source Files\Imgui</Filter>
    </ClCompile>
    <ClCompile Include="vendor\imgui\imgui_tables.cpp">
      <Filter>Source Files\Imgui</Filter>
    </ClCompile>
    <ClCompile Include="vendor\imgui\imgui_widgets.cpp">
      <Filter>Source Files\Imgui</Filter>
    </ClCompile>
    <ClCompile Include="vendor\imgui\backends\imgui_impl_opengl3.cpp">
      <Filter>Source Files\Imgui</Filter>
    </ClCompile>
    <ClCompile Include="vendor\imgui\backends\imgui_impl_sdl3.cpp">
      <Filter>Source Files\Imgui</Filter>
    </ClCompile>
    <ClCompile Include="src\Ultilities\Vec2.cpp">
      <Filter>Source Files\Ultilities</Filter>
    </ClCompile>
    <ClCompile Include="src\Core\Game.cpp">
      <Filter>Source Files\Core</Filter>
    </ClCompile>
    <ClCompile Include="src\ultilities\Logger.cpp">
      <Filter>Source Files\Ultilities</Filter>
    </ClCompile>
    <ClCompile Include="src\core\Scene.cpp">
      <Filter>Source Files\Core</Filter>
    </ClCompile>
    <ClCompile Include="src\core\ScenePlay.cpp">
      <Filter>Source Files\Core</Filter>
    </ClCompile>
    <ClCompile Include="src\core\Window.cpp">
      <Filter>Source Files</Filter>
    </ClCompile>
    <ClCompile Include="src\system\PhysicSystem.cpp">
      <Filter>Source Files\System</Filter>
    </ClCompile>
    <ClCompile Include="src\system\RenderSystem.cpp">
      <Filter>Source Files</Filter>
    </ClCompile>
    <ClCompile Include="src\resources\ResourcesManager.cpp">
      <Filter>Source Files\Resources</Filter>
    </ClCompile>
  </ItemGroup>
  <ItemGroup>
    <ClInclude Include="vendor\imgui\imconfig.h">
      <Filter>Source Files\Imgui</Filter>
    </ClInclude>
    <ClInclude Include="vendor\imgui\imgui.h">
      <Filter>Source Files\Imgui</Filter>
    </ClInclude>
    <ClInclude Include="vendor\imgui\imgui_internal.h">
      <Filter>Source Files\Imgui</Filter>
    </ClInclude>
    <ClInclude Include="vendor\imgui\imstb_rectpack.h">
      <Filter>Source Files\Imgui</Filter>
    </ClInclude>
    <ClInclude Include="vendor\imgui\imstb_textedit.h">
      <Filter>Source Files\Imgui</Filter>
    </ClInclude>
    <ClInclude Include="vendor\imgui\imstb_truetype.h">
      <Filter>Source Files\Imgui</Filter>
    </ClInclude>
    <ClInclude Include="vendor\imgui\backends\imgui_impl_opengl3.h">
      <Filter>Source Files\Imgui</Filter>
    </ClInclude>
    <ClInclude Include="vendor\imgui\backends\imgui_impl_opengl3_loader.h">
      <Filter>Source Files\Imgui</Filter>
    </ClInclude>
    <ClInclude Include="vendor\imgui\backends\imgui_impl_sdl3.h">
      <Filter>Source Files\Imgui</Filter>
    </ClInclude>
    <ClInclude Include="src\Ultilities\Vec2.h">
      <Filter>Header Files\Ultilities</Filter>
    </ClInclude>
    <ClInclude Include="src\core\Game.h">
      <Filter>Header Files\Core</Filter>
    </ClInclude>
    <ClInclude Include="src\config\GameConfig.h">
      <Filter>Header Files\Config</Filter>
    </ClInclude>
    <ClInclude Include="src\ultilities\Logger.h">
      <Filter>Header Files\Ultilities</Filter>
    </ClInclude>
    <ClInclude Include="src\config\ApplicationConfig.h">
      <Filter>Header Files\Config</Filter>
    </ClInclude>
    <ClInclude Include="vendor\entt.hpp">
      <Filter>Header Files</Filter>
    </ClInclude>
    <ClInclude Include="src\core\Scene.h">
      <Filter>Header Files\Core</Filter>
    </ClInclude>
    <ClInclude Include="src\core\Components.h">
      <Filter>Header Files\Core</Filter>
    </ClInclude>
    <ClInclude Include="src\core\ScenePlay.h">
      <Filter>Header Files\Core</Filter>
    </ClInclude>
    <ClInclude Include="src\core\Window.h">
      <Filter>Header Files</Filter>
    </ClInclude>
    <ClInclude Include="src\system\PhysicSystem.h">
      <Filter>Header Files\System</Filter>
    </ClInclude>
    <ClInclude Include="src\system\RenderSystem.h">
      <Filter>Header Files</Filter>
    </ClInclude>
    <ClInclude Include="src\resources\ResourcesManager.h">
      <Filter>Header Files\Resources</Filter>
    </ClInclude>
  </ItemGroup>
  <ItemGroup>
    <Image Include="assets\link.bmp">
      <Filter>Resource Files</Filter>
    </Image>
  </ItemGroup>
</Project>